// !$*UTF8*$!
{
	archiveVersion = 1;
	classes = {
	};
	objectVersion = 46;
	objects = {

/* Begin PBXBuildFile section */
		1DBB248A1D501D9D009FEBBC /* main.m in Sources */ = {isa = PBXBuildFile; fileRef = 1DBB24891D501D9D009FEBBC /* main.m */; };
		1DBB248D1D501D9D009FEBBC /* AppDelegate.m in Sources */ = {isa = PBXBuildFile; fileRef = 1DBB248C1D501D9D009FEBBC /* AppDelegate.m */; };
		1DBB24901D501D9D009FEBBC /* ViewController.m in Sources */ = {isa = PBXBuildFile; fileRef = 1DBB248F1D501D9D009FEBBC /* ViewController.m */; };
		1DBB24931D501D9D009FEBBC /* Main.storyboard in Resources */ = {isa = PBXBuildFile; fileRef = 1DBB24911D501D9D009FEBBC /* Main.storyboard */; };
		1DBB24961D501D9D009FEBBC /* HelloCoreData.xcdatamodeld in Sources */ = {isa = PBXBuildFile; fileRef = 1DBB24941D501D9D009FEBBC /* HelloCoreData.xcdatamodeld */; };
		1DBB24981D501D9D009FEBBC /* Assets.xcassets in Resources */ = {isa = PBXBuildFile; fileRef = 1DBB24971D501D9D009FEBBC /* Assets.xcassets */; };
		1DBB249B1D501D9D009FEBBC /* LaunchScreen.storyboard in Resources */ = {isa = PBXBuildFile; fileRef = 1DBB24991D501D9D009FEBBC /* LaunchScreen.storyboard */; };
		1DBB24A61D501F63009FEBBC /* Color+CoreDataProperties.m in Sources */ = {isa = PBXBuildFile; fileRef = 1DBB24A31D501F63009FEBBC /* Color+CoreDataProperties.m */; };
		1DBB24A71D501F63009FEBBC /* Color.m in Sources */ = {isa = PBXBuildFile; fileRef = 1DBB24A51D501F63009FEBBC /* Color.m */; };
		1DBB24AE1D50238D009FEBBC /* ColorsListViewController.m in Sources */ = {isa = PBXBuildFile; fileRef = 1DBB24AC1D50238D009FEBBC /* ColorsListViewController.m */; };
		1DBB24AF1D50238D009FEBBC /* ColorsListViewController.xib in Resources */ = {isa = PBXBuildFile; fileRef = 1DBB24AD1D50238D009FEBBC /* ColorsListViewController.xib */; };
/* End PBXBuildFile section */

/* Begin PBXFileReference section */
		1DBB24851D501D9D009FEBBC /* HelloCoreData.app */ = {isa = PBXFileReference; explicitFileType = wrapper.application; includeInIndex = 0; path = HelloCoreData.app; sourceTree = BUILT_PRODUCTS_DIR; };
		1DBB24891D501D9D009FEBBC /* main.m */ = {isa = PBXFileReference; lastKnownFileType = sourcecode.c.objc; path = main.m; sourceTree = "<group>"; };
		1DBB248B1D501D9D009FEBBC /* AppDelegate.h */ = {isa = PBXFileReference; lastKnownFileType = sourcecode.c.h; path = AppDelegate.h; sourceTree = "<group>"; };
		1DBB248C1D501D9D009FEBBC /* AppDelegate.m */ = {isa = PBXFileReference; lastKnownFileType = sourcecode.c.objc; path = AppDelegate.m; sourceTree = "<group>"; };
		1DBB248E1D501D9D009FEBBC /* ViewController.h */ = {isa = PBXFileReference; lastKnownFileType = sourcecode.c.h; path = ViewController.h; sourceTree = "<group>"; };
		1DBB248F1D501D9D009FEBBC /* ViewController.m */ = {isa = PBXFileReference; lastKnownFileType = sourcecode.c.objc; path = ViewController.m; sourceTree = "<group>"; };
		1DBB24921D501D9D009FEBBC /* Base */ = {isa = PBXFileReference; lastKnownFileType = file.storyboard; name = Base; path = Base.lproj/Main.storyboard; sourceTree = "<group>"; };
		1DBB24951D501D9D009FEBBC /* HelloCoreData.xcdatamodel */ = {isa = PBXFileReference; lastKnownFileType = wrapper.xcdatamodel; path = HelloCoreData.xcdatamodel; sourceTree = "<group>"; };
		1DBB24971D501D9D009FEBBC /* Assets.xcassets */ = {isa = PBXFileReference; lastKnownFileType = folder.assetcatalog; path = Assets.xcassets; sourceTree = "<group>"; };
		1DBB249A1D501D9D009FEBBC /* Base */ = {isa = PBXFileReference; lastKnownFileType = file.storyboard; name = Base; path = Base.lproj/LaunchScreen.storyboard; sourceTree = "<group>"; };
		1DBB249C1D501D9D009FEBBC /* Info.plist */ = {isa = PBXFileReference; lastKnownFileType = text.plist.xml; path = Info.plist; sourceTree = "<group>"; };
		1DBB24A21D501F63009FEBBC /* Color+CoreDataProperties.h */ = {isa = PBXFileReference; fileEncoding = 4; lastKnownFileType = sourcecode.c.h; name = "Color+CoreDataProperties.h"; path = "../Color+CoreDataProperties.h"; sourceTree = "<group>"; };
		1DBB24A31D501F63009FEBBC /* Color+CoreDataProperties.m */ = {isa = PBXFileReference; fileEncoding = 4; lastKnownFileType = sourcecode.c.objc; name = "Color+CoreDataProperties.m"; path = "../Color+CoreDataProperties.m"; sourceTree = "<group>"; };
		1DBB24A41D501F63009FEBBC /* Color.h */ = {isa = PBXFileReference; fileEncoding = 4; lastKnownFileType = sourcecode.c.h; name = Color.h; path = ../Color.h; sourceTree = "<group>"; };
		1DBB24A51D501F63009FEBBC /* Color.m */ = {isa = PBXFileReference; fileEncoding = 4; lastKnownFileType = sourcecode.c.objc; name = Color.m; path = ../Color.m; sourceTree = "<group>"; };
		1DBB24AB1D50238D009FEBBC /* ColorsListViewController.h */ = {isa = PBXFileReference; fileEncoding = 4; lastKnownFileType = sourcecode.c.h; path = ColorsListViewController.h; sourceTree = "<group>"; };
		1DBB24AC1D50238D009FEBBC /* ColorsListViewController.m */ = {isa = PBXFileReference; fileEncoding = 4; lastKnownFileType = sourcecode.c.objc; path = ColorsListViewController.m; sourceTree = "<group>"; };
		1DBB24AD1D50238D009FEBBC /* ColorsListViewController.xib */ = {isa = PBXFileReference; fileEncoding = 4; lastKnownFileType = file.xib; path = ColorsListViewController.xib; sourceTree = "<group>"; };
/* End PBXFileReference section */

/* Begin PBXFrameworksBuildPhase section */
		1DBB24821D501D9D009FEBBC /* Frameworks */ = {
			isa = PBXFrameworksBuildPhase;
			buildActionMask = 2147483647;
			files = (
			);
			runOnlyForDeploymentPostprocessing = 0;
		};
/* End PBXFrameworksBuildPhase section */

/* Begin PBXGroup section */
		1DBB247C1D501D9D009FEBBC = {
			isa = PBXGroup;
			children = (
				1DBB24871D501D9D009FEBBC /* HelloCoreData */,
				1DBB24861D501D9D009FEBBC /* Products */,
			);
			sourceTree = "<group>";
		};
		1DBB24861D501D9D009FEBBC /* Products */ = {
			isa = PBXGroup;
			children = (
				1DBB24851D501D9D009FEBBC /* HelloCoreData.app */,
			);
			name = Products;
			sourceTree = "<group>";
		};
		1DBB24871D501D9D009FEBBC /* HelloCoreData */ = {
			isa = PBXGroup;
			children = (
				1DBB24AB1D50238D009FEBBC /* ColorsListViewController.h */,
				1DBB24AC1D50238D009FEBBC /* ColorsListViewController.m */,
				1DBB24AD1D50238D009FEBBC /* ColorsListViewController.xib */,
				1DBB24A21D501F63009FEBBC /* Color+CoreDataProperties.h */,
				1DBB24A31D501F63009FEBBC /* Color+CoreDataProperties.m */,
				1DBB24A41D501F63009FEBBC /* Color.h */,
				1DBB24A51D501F63009FEBBC /* Color.m */,
				1DBB248B1D501D9D009FEBBC /* AppDelegate.h */,
				1DBB248C1D501D9D009FEBBC /* AppDelegate.m */,
				1DBB248E1D501D9D009FEBBC /* ViewController.h */,
				1DBB248F1D501D9D009FEBBC /* ViewController.m */,
				1DBB24911D501D9D009FEBBC /* Main.storyboard */,
				1DBB24971D501D9D009FEBBC /* Assets.xcassets */,
				1DBB24991D501D9D009FEBBC /* LaunchScreen.storyboard */,
				1DBB249C1D501D9D009FEBBC /* Info.plist */,
				1DBB24941D501D9D009FEBBC /* HelloCoreData.xcdatamodeld */,
				1DBB24881D501D9D009FEBBC /* Supporting Files */,
			);
			path = HelloCoreData;
			sourceTree = "<group>";
		};
		1DBB24881D501D9D009FEBBC /* Supporting Files */ = {
			isa = PBXGroup;
			children = (
				1DBB24891D501D9D009FEBBC /* main.m */,
			);
			name = "Supporting Files";
			sourceTree = "<group>";
		};
/* End PBXGroup section */

/* Begin PBXNativeTarget section */
		1DBB24841D501D9D009FEBBC /* HelloCoreData */ = {
			isa = PBXNativeTarget;
			buildConfigurationList = 1DBB249F1D501D9D009FEBBC /* Build configuration list for PBXNativeTarget "HelloCoreData" */;
			buildPhases = (
				1DBB24811D501D9D009FEBBC /* Sources */,
				1DBB24821D501D9D009FEBBC /* Frameworks */,
				1DBB24831D501D9D009FEBBC /* Resources */,
			);
			buildRules = (
			);
			dependencies = (
			);
			name = HelloCoreData;
			productName = HelloCoreData;
			productReference = 1DBB24851D501D9D009FEBBC /* HelloCoreData.app */;
			productType = "com.apple.product-type.application";
		};
/* End PBXNativeTarget section */

/* Begin PBXProject section */
		1DBB247D1D501D9D009FEBBC /* Project object */ = {
			isa = PBXProject;
			attributes = {
				LastUpgradeCheck = 0730;
				ORGANIZATIONNAME = Slackfx;
				TargetAttributes = {
					1DBB24841D501D9D009FEBBC = {
						CreatedOnToolsVersion = 7.3.1;
					};
				};
			};
			buildConfigurationList = 1DBB24801D501D9D009FEBBC /* Build configuration list for PBXProject "HelloCoreData" */;
			compatibilityVersion = "Xcode 3.2";
			developmentRegion = English;
			hasScannedForEncodings = 0;
			knownRegions = (
				en,
				Base,
			);
			mainGroup = 1DBB247C1D501D9D009FEBBC;
			productRefGroup = 1DBB24861D501D9D009FEBBC /* Products */;
			projectDirPath = "";
			projectRoot = "";
			targets = (
				1DBB24841D501D9D009FEBBC /* HelloCoreData */,
			);
		};
/* End PBXProject section */

/* Begin PBXResourcesBuildPhase section */
		1DBB24831D501D9D009FEBBC /* Resources */ = {
			isa = PBXResourcesBuildPhase;
			buildActionMask = 2147483647;
			files = (
				1DBB249B1D501D9D009FEBBC /* LaunchScreen.storyboard in Resources */,
				1DBB24981D501D9D009FEBBC /* Assets.xcassets in Resources */,
				1DBB24AF1D50238D009FEBBC /* ColorsListViewController.xib in Resources */,
				1DBB24931D501D9D009FEBBC /* Main.storyboard in Resources */,
			);
			runOnlyForDeploymentPostprocessing = 0;
		};
/* End PBXResourcesBuildPhase section */

/* Begin PBXSourcesBuildPhase section */
		1DBB24811D501D9D009FEBBC /* Sources */ = {
			isa = PBXSourcesBuildPhase;
			buildActionMask = 2147483647;
			files = (
				1DBB24A61D501F63009FEBBC /* Color+CoreDataProperties.m in Sources */,
				1DBB24901D501D9D009FEBBC /* ViewController.m in Sources */,
				1DBB24961D501D9D009FEBBC /* HelloCoreData.xcdatamodeld in Sources */,
				1DBB24A71D501F63009FEBBC /* Color.m in Sources */,
				1DBB24AE1D50238D009FEBBC /* ColorsListViewController.m in Sources */,
				1DBB248D1D501D9D009FEBBC /* AppDelegate.m in Sources */,
				1DBB248A1D501D9D009FEBBC /* main.m in Sources */,
			);
			runOnlyForDeploymentPostprocessing = 0;
		};
/* End PBXSourcesBuildPhase section */

/* Begin PBXVariantGroup section */
		1DBB24911D501D9D009FEBBC /* Main.storyboard */ = {
			isa = PBXVariantGroup;
			children = (
				1DBB24921D501D9D009FEBBC /* Base */,
			);
			name = Main.storyboard;
			sourceTree = "<group>";
		};
		1DBB24991D501D9D009FEBBC /* LaunchScreen.storyboard */ = {
			isa = PBXVariantGroup;
			children = (
				1DBB249A1D501D9D009FEBBC /* Base */,
			);
			name = LaunchScreen.storyboard;
			sourceTree = "<group>";
		};
/* End PBXVariantGroup section */

/* Begin XCBuildConfiguration section */
		1DBB249D1D501D9D009FEBBC /* Debug */ = {
			isa = XCBuildConfiguration;
			buildSettings = {
				ALWAYS_SEARCH_USER_PATHS = NO;
				CLANG_ANALYZER_NONNULL = YES;
				CLANG_CXX_LANGUAGE_STANDARD = "gnu++0x";
				CLANG_CXX_LIBRARY = "libc++";
				CLANG_ENABLE_MODULES = YES;
				CLANG_ENABLE_OBJC_ARC = YES;
				CLANG_WARN_BOOL_CONVERSION = YES;
				CLANG_WARN_CONSTANT_CONVERSION = YES;
				CLANG_WARN_DIRECT_OBJC_ISA_USAGE = YES_ERROR;
				CLANG_WARN_EMPTY_BODY = YES;
				CLANG_WARN_ENUM_CONVERSION = YES;
				CLANG_WARN_INT_CONVERSION = YES;
				CLANG_WARN_OBJC_ROOT_CLASS = YES_ERROR;
				CLANG_WARN_UNREACHABLE_CODE = YES;
				CLANG_WARN__DUPLICATE_METHOD_MATCH = YES;
				"CODE_SIGN_IDENTITY[sdk=iphoneos*]" = "iPhone Developer";
				COPY_PHASE_STRIP = NO;
				DEBUG_INFORMATION_FORMAT = dwarf;
				ENABLE_STRICT_OBJC_MSGSEND = YES;
				ENABLE_TESTABILITY = YES;
				GCC_C_LANGUAGE_STANDARD = gnu99;
				GCC_DYNAMIC_NO_PIC = NO;
				GCC_NO_COMMON_BLOCKS = YES;
				GCC_OPTIMIZATION_LEVEL = 0;
				GCC_PREPROCESSOR_DEFINITIONS = (
					"DEBUG=1",
					"$(inherited)",
				);
				GCC_WARN_64_TO_32_BIT_CONVERSION = YES;
				GCC_WARN_ABOUT_RETURN_TYPE = YES_ERROR;
				GCC_WARN_UNDECLARED_SELECTOR = YES;
				GCC_WARN_UNINITIALIZED_AUTOS = YES_AGGRESSIVE;
				GCC_WARN_UNUSED_FUNCTION = YES;
				GCC_WARN_UNUSED_VARIABLE = YES;
				IPHONEOS_DEPLOYMENT_TARGET = 9.3;
				MTL_ENABLE_DEBUG_INFO = YES;
				ONLY_ACTIVE_ARCH = YES;
				SDKROOT = iphoneos;
			};
			name = Debug;
		};
		1DBB249E1D501D9D009FEBBC /* Release */ = {
			isa = XCBuildConfiguration;
			buildSettings = {
				ALWAYS_SEARCH_USER_PATHS = NO;
				CLANG_ANALYZER_NONNULL = YES;
				CLANG_CXX_LANGUAGE_STANDARD = "gnu++0x";
				CLANG_CXX_LIBRARY = "libc++";
				CLANG_ENABLE_MODULES = YES;
				CLANG_ENABLE_OBJC_ARC = YES;
				CLANG_WARN_BOOL_CONVERSION = YES;
				CLANG_WARN_CONSTANT_CONVERSION = YES;
				CLANG_WARN_DIRECT_OBJC_ISA_USAGE = YES_ERROR;
				CLANG_WARN_EMPTY_BODY = YES;
				CLANG_WARN_ENUM_CONVERSION = YES;
				CLANG_WARN_INT_CONVERSION = YES;
				CLANG_WARN_OBJC_ROOT_CLASS = YES_ERROR;
				CLANG_WARN_UNREACHABLE_CODE = YES;
				CLANG_WARN__DUPLICATE_METHOD_MATCH = YES;
				"CODE_SIGN_IDENTITY[sdk=iphoneos*]" = "iPhone Developer";
				COPY_PHASE_STRIP = NO;
				DEBUG_INFORMATION_FORMAT = "dwarf-with-dsym";
				ENABLE_NS_ASSERTIONS = NO;
				ENABLE_STRICT_OBJC_MSGSEND = YES;
				GCC_C_LANGUAGE_STANDARD = gnu99;
				GCC_NO_COMMON_BLOCKS = YES;
				GCC_WARN_64_TO_32_BIT_CONVERSION = YES;
				GCC_WARN_ABOUT_RETURN_TYPE = YES_ERROR;
				GCC_WARN_UNDECLARED_SELECTOR = YES;
				GCC_WARN_UNINITIALIZED_AUTOS = YES_AGGRESSIVE;
				GCC_WARN_UNUSED_FUNCTION = YES;
				GCC_WARN_UNUSED_VARIABLE = YES;
				IPHONEOS_DEPLOYMENT_TARGET = 9.3;
				MTL_ENABLE_DEBUG_INFO = NO;
				SDKROOT = iphoneos;
				VALIDATE_PRODUCT = YES;
			};
			name = Release;
		};
		1DBB24A01D501D9D009FEBBC /* Debug */ = {
			isa = XCBuildConfiguration;
			buildSettings = {
				ASSETCATALOG_COMPILER_APPICON_NAME = AppIcon;
				INFOPLIST_FILE = HelloCoreData/Info.plist;
				LD_RUNPATH_SEARCH_PATHS = "$(inherited) @executable_path/Frameworks";
				PRODUCT_BUNDLE_IDENTIFIER = br.com.slackfx.HelloCoreData;
				PRODUCT_NAME = "$(TARGET_NAME)";
			};
			name = Debug;
		};
		1DBB24A11D501D9D009FEBBC /* Release */ = {
			isa = XCBuildConfiguration;
			buildSettings = {
				ASSETCATALOG_COMPILER_APPICON_NAME = AppIcon;
				INFOPLIST_FILE = HelloCoreData/Info.plist;
				LD_RUNPATH_SEARCH_PATHS = "$(inherited) @executable_path/Frameworks";
				PRODUCT_BUNDLE_IDENTIFIER = br.com.slackfx.HelloCoreData;
				PRODUCT_NAME = "$(TARGET_NAME)";
			};
			name = Release;
		};
/* End XCBuildConfiguration section */

/* Begin XCConfigurationList section */
		1DBB24801D501D9D009FEBBC /* Build configuration list for PBXProject "HelloCoreData" */ = {
			isa = XCConfigurationList;
			buildConfigurations = (
				1DBB249D1D501D9D009FEBBC /* Debug */,
				1DBB249E1D501D9D009FEBBC /* Release */,
			);
			defaultConfigurationIsVisible = 0;
			defaultConfigurationName = Release;
		};
		1DBB249F1D501D9D009FEBBC /* Build configuration list for PBXNativeTarget "HelloCoreData" */ = {
			isa = XCConfigurationList;
			buildConfigurations = (
				1DBB24A01D501D9D009FEBBC /* Debug */,
				1DBB24A11D501D9D009FEBBC /* Release */,
			);
			defaultConfigurationIsVisible = 0;
		};
/* End XCConfigurationList section */

/* Begin XCVersionGroup section */
		1DBB24941D501D9D009FEBBC /* HelloCoreData.xcdatamodeld */ = {
			isa = XCVersionGroup;
			children = (
				1DBB24951D501D9D009FEBBC /* HelloCoreData.xcdatamodel */,
			);
			currentVersion = 1DBB24951D501D9D009FEBBC /* HelloCoreData.xcdatamodel */;
			path = HelloCoreData.xcdatamodeld;
			sourceTree = "<group>";
			versionGroupType = wrapper.xcdatamodel;
		};
/* End XCVersionGroup section */
	};
	rootObject = 1DBB247D1D501D9D009FEBBC /* Project object */;
}
